
Microsoft Visual Studio Solution File, Format Version 12.00
# Visual Studio Version 16
VisualStudioVersion = 16.0.30503.244
MinimumVisualStudioVersion = 10.0.40219.1
Project("{FAE04EC0-301F-11D3-BF4B-00C04F79EFBC}") = "AlmirTron", "AlmirTron\AlmirTron.csproj", "{67540577-B298-44B3-BBAB-52BE7CAF92DB}"
EndProject
Project("{54435603-DBB4-11D2-8724-00A0C9A8B90C}") = "AlmirTron_Setup", "AlmirTron_Setup\AlmirTron_Setup.vdproj", "{96A227D1-FB0A-455D-9C79-B9C7CA3C18DB}"
EndProject
Global
	GlobalSection(SolutionConfigurationPlatforms) = preSolution
		Debug|Any CPU = Debug|Any CPU
		Debug|x64 = Debug|x64
		Release|Any CPU = Release|Any CPU
		Release|x64 = Release|x64
	EndGlobalSection
	GlobalSection(ProjectConfigurationPlatforms) = postSolution
		{67540577-B298-44B3-BBAB-52BE7CAF92DB}.Debug|Any CPU.ActiveCfg = Debug|Any CPU
		{67540577-B298-44B3-BBAB-52BE7CAF92DB}.Debug|Any CPU.Build.0 = Debug|Any CPU
		{67540577-B298-44B3-BBAB-52BE7CAF92DB}.Debug|x64.ActiveCfg = Debug|x64
		{67540577-B298-44B3-BBAB-52BE7CAF92DB}.Debug|x64.Build.0 = Debug|x64
		{67540577-B298-44B3-BBAB-52BE7CAF92DB}.Release|Any CPU.ActiveCfg = Release|Any CPU
		{67540577-B298-44B3-BBAB-52BE7CAF92DB}.Release|Any CPU.Build.0 = Release|Any CPU
		{67540577-B298-44B3-BBAB-52BE7CAF92DB}.Release|x64.ActiveCfg = Release|x64
		{67540577-B298-44B3-BBAB-52BE7CAF92DB}.Release|x64.Build.0 = Release|x64
		{96A227D1-FB0A-455D-9C79-B9C7CA3C18DB}.Debug|Any CPU.ActiveCfg = Debug
		{96A227D1-FB0A-455D-9C79-B9C7CA3C18DB}.Debug|x64.ActiveCfg = Debug
		{96A227D1-FB0A-455D-9C79-B9C7CA3C18DB}.Debug|x64.Build.0 = Debug
		{96A227D1-FB0A-455D-9C79-B9C7CA3C18DB}.Release|Any CPU.ActiveCfg = Release
		{96A227D1-FB0A-455D-9C79-B9C7CA3C18DB}.Release|x64.ActiveCfg = Release
		{96A227D1-FB0A-455D-9C79-B9C7CA3C18DB}.Release|x64.Build.0 = Release
	EndGlobalSection
	GlobalSection(SolutionProperties) = preSolution
		HideSolutionNode = FALSE
	EndGlobalSection
	GlobalSection(ExtensibilityGlobals) = postSolution
		SolutionGuid = {F83BA2DA-7418-4AF8-93D8-672DF672B6A5}
	EndGlobalSection
EndGlobal
